
Microsoft Visual Studio Solution File, Format Version 12.00
# Visual Studio Version 17
VisualStudioVersion = 17.8.34511.84
MinimumVisualStudioVersion = 10.0.40219.1
Project("{9A19103F-16F7-4668-BE54-9A1E7A4F7556}") = "DataAccessLayer", "DataAccessLayer\DataAccessLayer.csproj", "{CA0F00BF-265B-4B27-A762-B6C2D1A87237}"
EndProject
Project("{9A19103F-16F7-4668-BE54-9A1E7A4F7556}") = "BuisnesLogicLayer", "BuisnesLogicLayer\BuisnesLogicLayer.csproj", "{B6348C9D-F35E-44ED-8043-69B9D508794B}"
EndProject
Project("{9A19103F-16F7-4668-BE54-9A1E7A4F7556}") = "BuisnesEntityLayer", "BuisnesEntity\BuisnesEntityLayer.csproj", "{4ED92EED-5816-4394-BD77-00ED9FB0CE19}"
EndProject
Project("{9A19103F-16F7-4668-BE54-9A1E7A4F7556}") = "UI", "UI\UI.csproj", "{C135C1AC-97EE-46E8-B830-40B3B349A56F}"
EndProject
Project("{FAE04EC0-301F-11D3-BF4B-00C04F79EFBC}") = "RangarangTest-UI", "RangarangTest-UI\RangarangTest-UI.csproj", "{1A814809-0BC7-46E7-8A7B-838407B8B921}"
EndProject
Global
	GlobalSection(SolutionConfigurationPlatforms) = preSolution
		Debug|Any CPU = Debug|Any CPU
		Release|Any CPU = Release|Any CPU
	EndGlobalSection
	GlobalSection(ProjectConfigurationPlatforms) = postSolution
		{CA0F00BF-265B-4B27-A762-B6C2D1A87237}.Debug|Any CPU.ActiveCfg = Debug|Any CPU
		{CA0F00BF-265B-4B27-A762-B6C2D1A87237}.Debug|Any CPU.Build.0 = Debug|Any CPU
		{CA0F00BF-265B-4B27-A762-B6C2D1A87237}.Release|Any CPU.ActiveCfg = Release|Any CPU
		{CA0F00BF-265B-4B27-A762-B6C2D1A87237}.Release|Any CPU.Build.0 = Release|Any CPU
		{B6348C9D-F35E-44ED-8043-69B9D508794B}.Debug|Any CPU.ActiveCfg = Debug|Any CPU
		{B6348C9D-F35E-44ED-8043-69B9D508794B}.Debug|Any CPU.Build.0 = Debug|Any CPU
		{B6348C9D-F35E-44ED-8043-69B9D508794B}.Release|Any CPU.ActiveCfg = Release|Any CPU
		{B6348C9D-F35E-44ED-8043-69B9D508794B}.Release|Any CPU.Build.0 = Release|Any CPU
		{4ED92EED-5816-4394-BD77-00ED9FB0CE19}.Debug|Any CPU.ActiveCfg = Debug|Any CPU
		{4ED92EED-5816-4394-BD77-00ED9FB0CE19}.Debug|Any CPU.Build.0 = Debug|Any CPU
		{4ED92EED-5816-4394-BD77-00ED9FB0CE19}.Release|Any CPU.ActiveCfg = Release|Any CPU
		{4ED92EED-5816-4394-BD77-00ED9FB0CE19}.Release|Any CPU.Build.0 = Release|Any CPU
		{C135C1AC-97EE-46E8-B830-40B3B349A56F}.Debug|Any CPU.ActiveCfg = Debug|Any CPU
		{C135C1AC-97EE-46E8-B830-40B3B349A56F}.Debug|Any CPU.Build.0 = Debug|Any CPU
		{C135C1AC-97EE-46E8-B830-40B3B349A56F}.Release|Any CPU.ActiveCfg = Release|Any CPU
		{C135C1AC-97EE-46E8-B830-40B3B349A56F}.Release|Any CPU.Build.0 = Release|Any CPU
		{1A814809-0BC7-46E7-8A7B-838407B8B921}.Debug|Any CPU.ActiveCfg = Debug|Any CPU
		{1A814809-0BC7-46E7-8A7B-838407B8B921}.Debug|Any CPU.Build.0 = Debug|Any CPU
		{1A814809-0BC7-46E7-8A7B-838407B8B921}.Release|Any CPU.ActiveCfg = Release|Any CPU
		{1A814809-0BC7-46E7-8A7B-838407B8B921}.Release|Any CPU.Build.0 = Release|Any CPU
	EndGlobalSection
	GlobalSection(SolutionProperties) = preSolution
		HideSolutionNode = FALSE
	EndGlobalSection
	GlobalSection(ExtensibilityGlobals) = postSolution
		SolutionGuid = {91F72C5F-1344-436A-B655-2D7A92735094}
	EndGlobalSection
EndGlobal
